
Microsoft Visual Studio Solution File, Format Version 12.00
# Visual Studio Version 16
VisualStudioVersion = 16.0.30413.136
MinimumVisualStudioVersion = 10.0.40219.1
Project("{9A19103F-16F7-4668-BE54-9A1E7A4F7556}") = "GBJamGame", "GBJamGame.csproj", "{2E37605D-41DA-495D-B873-6E57D5AA5D33}"
EndProject
Global
	GlobalSection(SolutionConfigurationPlatforms) = preSolution
		Debug|Any CPU = Debug|Any CPU
		Release|Any CPU = Release|Any CPU
	EndGlobalSection
	GlobalSection(ProjectConfigurationPlatforms) = postSolution
		{2E37605D-41DA-495D-B873-6E57D5AA5D33}.Debug|Any CPU.ActiveCfg = Debug|Any CPU
		{2E37605D-41DA-495D-B873-6E57D5AA5D33}.Debug|Any CPU.Build.0 = Debug|Any CPU
		{2E37605D-41DA-495D-B873-6E57D5AA5D33}.Release|Any CPU.ActiveCfg = Release|Any CPU
		{2E37605D-41DA-495D-B873-6E57D5AA5D33}.Release|Any CPU.Build.0 = Release|Any CPU
	EndGlobalSection
	GlobalSection(SolutionProperties) = preSolution
		HideSolutionNode = FALSE
	EndGlobalSection
	GlobalSection(ExtensibilityGlobals) = postSolution
		SolutionGuid = {7446C8D6-AF51-4774-AC0B-50F548C9399E}
	EndGlobalSection
EndGlobal
